{
  "name": "@m2collective/scss-function-fluid",
  "version": "1.0.0",
  "lockfileVersion": 3,
  "requires": true,
  "packages": {
    "": {
      "name": "@m2collective/scss-function-fluid",
      "version": "1.0.0",
      "license": "MIT",
      "dependencies": {
        "@m2collective/scss-function-rem": "^1.0.0",
        "@m2collective/scss-function-round": "^1.0.0"
      }
    },
    "node_modules/@m2collective/scss-function-rem": {
      "version": "1.0.0",
      "resolved": "https://registry.npmjs.org/@m2collective/scss-function-rem/-/scss-function-rem-1.0.0.tgz",
      "integrity": "sha512-GPwo5PSu2dWOCoMWaAR9/5OONRl3QiZpTQBCUWMDMXhOoscybHtOPOWR+A9Hrtu6j0LjEGyY6MgWDpNpssEOhw==",
      "license": "MIT"
    },
    "node_modules/@m2collective/scss-function-round": {
      "version": "1.0.0",
      "resolved": "https://registry.npmjs.org/@m2collective/scss-function-round/-/scss-function-round-1.0.0.tgz",
      "integrity": "sha512-3EdVCU8TePXa30CrOI8nKidZWplvbg2Wi3JbBjhVC9gMUP8yJns8MxAp5f4EZIYKedmOowk9ouRC+CxcyFK3Zg==",
      "license": "MIT"
    }
  }
}
