{
  "name": "@m2collective/scss-function-fluid",
  "version": "1.1.0",
  "lockfileVersion": 3,
  "requires": true,
  "packages": {
    "": {
      "name": "@m2collective/scss-function-fluid",
      "version": "1.1.0",
      "license": "MIT",
      "dependencies": {
        "@m2collective/scss-function-rem": "^1.1.0",
        "@m2collective/scss-function-round": "^1.1.0"
      }
    },
    "node_modules/@m2collective/scss-function-rem": {
      "version": "1.1.0",
      "resolved": "https://registry.npmjs.org/@m2collective/scss-function-rem/-/scss-function-rem-1.1.0.tgz",
      "integrity": "sha512-BSId1409Dotd2Edo4uTZsOqT0aCZ4+azRrrdWM0Drb4DD7S8HdmsndY+SlqQ2l72Rhp+14vuI1HL0XiEr6UKNg==",
      "license": "MIT"
    },
    "node_modules/@m2collective/scss-function-round": {
      "version": "1.1.0",
      "resolved": "https://registry.npmjs.org/@m2collective/scss-function-round/-/scss-function-round-1.1.0.tgz",
      "integrity": "sha512-Am50uTkoXpQnh2afVV0y744qS1eC0zsLGmYQWWgofRZ33FpMdJW88gAziSYLCfNGzJq2yR/eh6w2LLDurWtyAA==",
      "license": "MIT"
    }
  }
}
